// !$*UTF8*$!
{
	archiveVersion = 1;
	classes = {
	};
	objectVersion = 56;
	objects = {

/* Begin PBXBuildFile section */
		B202F65C2B460D3000D6F60A /* NewsAppApp.swift in Sources */ = {isa = PBXBuildFile; fileRef = B202F65B2B460D3000D6F60A /* NewsAppApp.swift */; };
		B202F65E2B460D3000D6F60A /* ContentView.swift in Sources */ = {isa = PBXBuildFile; fileRef = B202F65D2B460D3000D6F60A /* ContentView.swift */; };
		B202F6602B460D3100D6F60A /* Assets.xcassets in Resources */ = {isa = PBXBuildFile; fileRef = B202F65F2B460D3100D6F60A /* Assets.xcassets */; };
		B202F6632B460D3100D6F60A /* Preview Assets.xcassets in Resources */ = {isa = PBXBuildFile; fileRef = B202F6622B460D3100D6F60A /* Preview Assets.xcassets */; };
		B24975702B49C06800F94F8B /* More.swift in Sources */ = {isa = PBXBuildFile; fileRef = B249756F2B49C06800F94F8B /* More.swift */; };
		B24975732B49C39C00F94F8B /* SplashScreen.swift in Sources */ = {isa = PBXBuildFile; fileRef = B24975722B49C39C00F94F8B /* SplashScreen.swift */; };
		B24975772B49D3A300F94F8B /* TimeStampConverter.swift in Sources */ = {isa = PBXBuildFile; fileRef = B24975762B49D3A300F94F8B /* TimeStampConverter.swift */; };
HEAD
		B24975792B49DA0A00F94F8B /* BlogsImageView.swift in Sources */ = {isa = PBXBuildFile; fileRef = B24975782B49DA0A00F94F8B /* BlogsImageView.swift */; };
		B249757B2B49DA1400F94F8B /* BlogsImageViewModel.swift in Sources */ = {isa = PBXBuildFile; fileRef = B249757A2B49DA1400F94F8B /* BlogsImageViewModel.swift */; };
		B249757D2B49DA1E00F94F8B /* BlogsImageViewService.swift in Sources */ = {isa = PBXBuildFile; fileRef = B249757C2B49DA1E00F94F8B /* BlogsImageViewService.swift */; };
		B249757F2B49DA2200F94F8B /* ImageView.swift in Sources */ = {isa = PBXBuildFile; fileRef = B249757E2B49DA2200F94F8B /* ImageView.swift */; };
		B24975812B49DA2900F94F8B /* ImageViewModel.swift in Sources */ = {isa = PBXBuildFile; fileRef = B24975802B49DA2900F94F8B /* ImageViewModel.swift */; };
		B24975832B49DA2E00F94F8B /* ImageViewService.swift in Sources */ = {isa = PBXBuildFile; fileRef = B24975822B49DA2E00F94F8B /* ImageViewService.swift */; };
		B24975852B49DA3700F94F8B /* ReportsImageView.swift in Sources */ = {isa = PBXBuildFile; fileRef = B24975842B49DA3700F94F8B /* ReportsImageView.swift */; };
		B24975872B49DA3F00F94F8B /* ReportsImageViewModel.swift in Sources */ = {isa = PBXBuildFile; fileRef = B24975862B49DA3F00F94F8B /* ReportsImageViewModel.swift */; };
		B24975892B49DA4A00F94F8B /* ReportsImageViewService.swift in Sources */ = {isa = PBXBuildFile; fileRef = B24975882B49DA4A00F94F8B /* ReportsImageViewService.swift */; };
		B2869DCE2B47FCB700CD551F /* BlogsDataModel.swift in Sources */ = {isa = PBXBuildFile; fileRef = B2869DCD2B47FCB700CD551F /* BlogsDataModel.swift */; };
		B2869DD02B47FD9500CD551F /* ReportsDataModel.swift in Sources */ = {isa = PBXBuildFile; fileRef = B2869DCF2B47FD9500CD551F /* ReportsDataModel.swift */; };
		B2869DD32B4804A800CD551F /* NetworkingManager.swift in Sources */ = {isa = PBXBuildFile; fileRef = B2869DD22B4804A800CD551F /* NetworkingManager.swift */; };
		B2869DD72B4885F900CD551F /* ReportsDataService.swift in Sources */ = {isa = PBXBuildFile; fileRef = B2869DD62B4885F900CD551F /* ReportsDataService.swift */; };
		B2869DD92B4886CA00CD551F /* BlogsDataService.swift in Sources */ = {isa = PBXBuildFile; fileRef = B2869DD82B4886CA00CD551F /* BlogsDataService.swift */; };
		B2869DDE2B48877E00CD551F /* ReportsViewModel.swift in Sources */ = {isa = PBXBuildFile; fileRef = B2869DDD2B48877E00CD551F /* ReportsViewModel.swift */; };
		B2869DE02B4887D800CD551F /* BlogsViewModel.swift in Sources */ = {isa = PBXBuildFile; fileRef = B2869DDF2B4887D800CD551F /* BlogsViewModel.swift */; };
		B2869DE22B4889EC00CD551F /* AllBlogs.swift in Sources */ = {isa = PBXBuildFile; fileRef = B2869DE12B4889EC00CD551F /* AllBlogs.swift */; };
		B2869DE42B4889F300CD551F /* AllReports.swift in Sources */ = {isa = PBXBuildFile; fileRef = B2869DE32B4889F300CD551F /* AllReports.swift */; };
		B2B8F8242B9B712800CE3CA2 /* Articles.swift in Sources */ = {isa = PBXBuildFile; fileRef = B2B8F8232B9B712800CE3CA2 /* Articles.swift */; };
		B2B8F8262B9B733600CE3CA2 /* CustomCorner.swift in Sources */ = {isa = PBXBuildFile; fileRef = B2B8F8252B9B733600CE3CA2 /* CustomCorner.swift */; };
		B2B8F82A2B9B99FC00CE3CA2 /* CustomTabBar.swift in Sources */ = {isa = PBXBuildFile; fileRef = B2B8F8292B9B99FC00CE3CA2 /* CustomTabBar.swift */; };
		B2B8F82C2B9BA08700CE3CA2 /* LocalFileManager.swift in Sources */ = {isa = PBXBuildFile; fileRef = B2B8F82B2B9BA08700CE3CA2 /* LocalFileManager.swift */; };
		B2E2FC232B47108100BB047D /* ArticlesDataService.swift in Sources */ = {isa = PBXBuildFile; fileRef = B2E2FC222B47108100BB047D /* ArticlesDataService.swift */; };
		B2E2FC252B4710DE00BB047D /* ArticlesDataModel.swift in Sources */ = {isa = PBXBuildFile; fileRef = B2E2FC242B4710DE00BB047D /* ArticlesDataModel.swift */; };
		B2E2FC272B4733D200BB047D /* ArticlesViewModel.swift in Sources */ = {isa = PBXBuildFile; fileRef = B2E2FC262B4733D200BB047D /* ArticlesViewModel.swift */; };

		B2606A012BCD4F29006E533A /* SDWebImageSwiftUI in Frameworks */ = {isa = PBXBuildFile; productRef = B2606A002BCD4F29006E533A /* SDWebImageSwiftUI */; };
		B2606A042BCDAB33006E533A /* Home.swift in Sources */ = {isa = PBXBuildFile; fileRef = B2606A032BCDAB33006E533A /* Home.swift */; };
		B2606A062BCDAB51006E533A /* AnimatedSideBar.swift in Sources */ = {isa = PBXBuildFile; fileRef = B2606A052BCDAB51006E533A /* AnimatedSideBar.swift */; };
		B2606A082BCDABAC006E533A /* BreakingNews.swift in Sources */ = {isa = PBXBuildFile; fileRef = B2606A072BCDABAC006E533A /* BreakingNews.swift */; };
		B2606A0A2BCDAC98006E533A /* DetailView.swift in Sources */ = {isa = PBXBuildFile; fileRef = B2606A092BCDAC98006E533A /* DetailView.swift */; };
		B2606A0C2BCDAD66006E533A /* HeadlineImageView.swift in Sources */ = {isa = PBXBuildFile; fileRef = B2606A0B2BCDAD66006E533A /* HeadlineImageView.swift */; };
		B2606A0E2BCDAFA2006E533A /* ArticlesViewModel.swift in Sources */ = {isa = PBXBuildFile; fileRef = B2606A0D2BCDAFA2006E533A /* ArticlesViewModel.swift */; };
		B2606A162BCDB046006E533A /* Extensions.swift in Sources */ = {isa = PBXBuildFile; fileRef = B2606A152BCDB046006E533A /* Extensions.swift */; };
		B2606A1B2BCDBD29006E533A /* AnimationState.swift in Sources */ = {isa = PBXBuildFile; fileRef = B2606A1A2BCDBD29006E533A /* AnimationState.swift */; };
		B2869DD02B47FD9500CD551F /* ReportsDataModel.swift in Sources */ = {isa = PBXBuildFile; fileRef = B2869DCF2B47FD9500CD551F /* ReportsDataModel.swift */; };
		B2869DD32B4804A800CD551F /* NetworkingManager.swift in Sources */ = {isa = PBXBuildFile; fileRef = B2869DD22B4804A800CD551F /* NetworkingManager.swift */; };
		B2A44C402BB40D49005C9CCB /* Screen1.swift in Sources */ = {isa = PBXBuildFile; fileRef = B2A44C3F2BB40D49005C9CCB /* Screen1.swift */; };
		B2B8F8262B9B733600CE3CA2 /* CustomCorner.swift in Sources */ = {isa = PBXBuildFile; fileRef = B2B8F8252B9B733600CE3CA2 /* CustomCorner.swift */; };
		B2E2FC232B47108100BB047D /* ArticlesDataService.swift in Sources */ = {isa = PBXBuildFile; fileRef = B2E2FC222B47108100BB047D /* ArticlesDataService.swift */; };
		B2E2FC252B4710DE00BB047D /* ArticlesDataModel.swift in Sources */ = {isa = PBXBuildFile; fileRef = B2E2FC242B4710DE00BB047D /* ArticlesDataModel.swift */; };
 bd2b336 (Fix: Replaced Old API service with the new one)
/* End PBXBuildFile section */

/* Begin PBXFileReference section */
		B202F6582B460D3000D6F60A /* NewsApp.app */ = {isa = PBXFileReference; explicitFileType = wrapper.application; includeInIndex = 0; path = NewsApp.app; sourceTree = BUILT_PRODUCTS_DIR; };
		B202F65B2B460D3000D6F60A /* NewsAppApp.swift */ = {isa = PBXFileReference; lastKnownFileType = sourcecode.swift; path = NewsAppApp.swift; sourceTree = "<group>"; };
		B202F65D2B460D3000D6F60A /* ContentView.swift */ = {isa = PBXFileReference; lastKnownFileType = sourcecode.swift; path = ContentView.swift; sourceTree = "<group>"; };
		B202F65F2B460D3100D6F60A /* Assets.xcassets */ = {isa = PBXFileReference; lastKnownFileType = folder.assetcatalog; path = Assets.xcassets; sourceTree = "<group>"; };
		B202F6622B460D3100D6F60A /* Preview Assets.xcassets */ = {isa = PBXFileReference; lastKnownFileType = folder.assetcatalog; path = "Preview Assets.xcassets"; sourceTree = "<group>"; };
		B249756F2B49C06800F94F8B /* More.swift */ = {isa = PBXFileReference; lastKnownFileType = sourcecode.swift; path = More.swift; sourceTree = "<group>"; };
		B24975722B49C39C00F94F8B /* SplashScreen.swift */ = {isa = PBXFileReference; lastKnownFileType = sourcecode.swift; path = SplashScreen.swift; sourceTree = "<group>"; };
		B24975762B49D3A300F94F8B /* TimeStampConverter.swift */ = {isa = PBXFileReference; lastKnownFileType = sourcecode.swift; path = TimeStampConverter.swift; sourceTree = "<group>"; };
 HEAD
		B24975782B49DA0A00F94F8B /* BlogsImageView.swift */ = {isa = PBXFileReference; fileEncoding = 4; lastKnownFileType = sourcecode.swift; path = BlogsImageView.swift; sourceTree = "<group>"; };
		B249757A2B49DA1400F94F8B /* BlogsImageViewModel.swift */ = {isa = PBXFileReference; fileEncoding = 4; lastKnownFileType = sourcecode.swift; path = BlogsImageViewModel.swift; sourceTree = "<group>"; };
		B249757C2B49DA1E00F94F8B /* BlogsImageViewService.swift */ = {isa = PBXFileReference; fileEncoding = 4; lastKnownFileType = sourcecode.swift; path = BlogsImageViewService.swift; sourceTree = "<group>"; };
		B249757E2B49DA2200F94F8B /* ImageView.swift */ = {isa = PBXFileReference; fileEncoding = 4; lastKnownFileType = sourcecode.swift; path = ImageView.swift; sourceTree = "<group>"; };
		B24975802B49DA2900F94F8B /* ImageViewModel.swift */ = {isa = PBXFileReference; fileEncoding = 4; lastKnownFileType = sourcecode.swift; path = ImageViewModel.swift; sourceTree = "<group>"; };
		B24975822B49DA2E00F94F8B /* ImageViewService.swift */ = {isa = PBXFileReference; fileEncoding = 4; lastKnownFileType = sourcecode.swift; path = ImageViewService.swift; sourceTree = "<group>"; };
		B24975842B49DA3700F94F8B /* ReportsImageView.swift */ = {isa = PBXFileReference; fileEncoding = 4; lastKnownFileType = sourcecode.swift; path = ReportsImageView.swift; sourceTree = "<group>"; };
		B24975862B49DA3F00F94F8B /* ReportsImageViewModel.swift */ = {isa = PBXFileReference; fileEncoding = 4; lastKnownFileType = sourcecode.swift; path = ReportsImageViewModel.swift; sourceTree = "<group>"; };
		B24975882B49DA4A00F94F8B /* ReportsImageViewService.swift */ = {isa = PBXFileReference; fileEncoding = 4; lastKnownFileType = sourcecode.swift; path = ReportsImageViewService.swift; sourceTree = "<group>"; };
		B2869DCD2B47FCB700CD551F /* BlogsDataModel.swift */ = {isa = PBXFileReference; lastKnownFileType = sourcecode.swift; path = BlogsDataModel.swift; sourceTree = "<group>"; };
		B2869DCF2B47FD9500CD551F /* ReportsDataModel.swift */ = {isa = PBXFileReference; lastKnownFileType = sourcecode.swift; path = ReportsDataModel.swift; sourceTree = "<group>"; };
		B2869DD22B4804A800CD551F /* NetworkingManager.swift */ = {isa = PBXFileReference; lastKnownFileType = sourcecode.swift; path = NetworkingManager.swift; sourceTree = "<group>"; };
		B2869DD62B4885F900CD551F /* ReportsDataService.swift */ = {isa = PBXFileReference; lastKnownFileType = sourcecode.swift; path = ReportsDataService.swift; sourceTree = "<group>"; };
		B2869DD82B4886CA00CD551F /* BlogsDataService.swift */ = {isa = PBXFileReference; lastKnownFileType = sourcecode.swift; path = BlogsDataService.swift; sourceTree = "<group>"; };
		B2869DDD2B48877E00CD551F /* ReportsViewModel.swift */ = {isa = PBXFileReference; lastKnownFileType = sourcecode.swift; path = ReportsViewModel.swift; sourceTree = "<group>"; };
		B2869DDF2B4887D800CD551F /* BlogsViewModel.swift */ = {isa = PBXFileReference; lastKnownFileType = sourcecode.swift; path = BlogsViewModel.swift; sourceTree = "<group>"; };
		B2869DE12B4889EC00CD551F /* AllBlogs.swift */ = {isa = PBXFileReference; lastKnownFileType = sourcecode.swift; path = AllBlogs.swift; sourceTree = "<group>"; };
		B2869DE32B4889F300CD551F /* AllReports.swift */ = {isa = PBXFileReference; lastKnownFileType = sourcecode.swift; path = AllReports.swift; sourceTree = "<group>"; };
		B2B8F8232B9B712800CE3CA2 /* Articles.swift */ = {isa = PBXFileReference; lastKnownFileType = sourcecode.swift; path = Articles.swift; sourceTree = "<group>"; };
		B2B8F8252B9B733600CE3CA2 /* CustomCorner.swift */ = {isa = PBXFileReference; lastKnownFileType = sourcecode.swift; path = CustomCorner.swift; sourceTree = "<group>"; };
		B2B8F8292B9B99FC00CE3CA2 /* CustomTabBar.swift */ = {isa = PBXFileReference; lastKnownFileType = sourcecode.swift; path = CustomTabBar.swift; sourceTree = "<group>"; };
		B2B8F82B2B9BA08700CE3CA2 /* LocalFileManager.swift */ = {isa = PBXFileReference; lastKnownFileType = sourcecode.swift; path = LocalFileManager.swift; sourceTree = "<group>"; };
		B2E2FC222B47108100BB047D /* ArticlesDataService.swift */ = {isa = PBXFileReference; lastKnownFileType = sourcecode.swift; path = ArticlesDataService.swift; sourceTree = "<group>"; };
		B2E2FC242B4710DE00BB047D /* ArticlesDataModel.swift */ = {isa = PBXFileReference; lastKnownFileType = sourcecode.swift; path = ArticlesDataModel.swift; sourceTree = "<group>"; };
		B2E2FC262B4733D200BB047D /* ArticlesViewModel.swift */ = {isa = PBXFileReference; lastKnownFileType = sourcecode.swift; path = ArticlesViewModel.swift; sourceTree = "<group>"; };

		B2606A032BCDAB33006E533A /* Home.swift */ = {isa = PBXFileReference; lastKnownFileType = sourcecode.swift; path = Home.swift; sourceTree = "<group>"; };
		B2606A052BCDAB51006E533A /* AnimatedSideBar.swift */ = {isa = PBXFileReference; lastKnownFileType = sourcecode.swift; path = AnimatedSideBar.swift; sourceTree = "<group>"; };
		B2606A072BCDABAC006E533A /* BreakingNews.swift */ = {isa = PBXFileReference; lastKnownFileType = sourcecode.swift; path = BreakingNews.swift; sourceTree = "<group>"; };
		B2606A092BCDAC98006E533A /* DetailView.swift */ = {isa = PBXFileReference; lastKnownFileType = sourcecode.swift; path = DetailView.swift; sourceTree = "<group>"; };
		B2606A0B2BCDAD66006E533A /* HeadlineImageView.swift */ = {isa = PBXFileReference; lastKnownFileType = sourcecode.swift; path = HeadlineImageView.swift; sourceTree = "<group>"; };
		B2606A0D2BCDAFA2006E533A /* ArticlesViewModel.swift */ = {isa = PBXFileReference; fileEncoding = 4; lastKnownFileType = sourcecode.swift; path = ArticlesViewModel.swift; sourceTree = "<group>"; };
		B2606A152BCDB046006E533A /* Extensions.swift */ = {isa = PBXFileReference; lastKnownFileType = sourcecode.swift; path = Extensions.swift; sourceTree = "<group>"; };
		B2606A1A2BCDBD29006E533A /* AnimationState.swift */ = {isa = PBXFileReference; lastKnownFileType = sourcecode.swift; path = AnimationState.swift; sourceTree = "<group>"; };
		B2869DCF2B47FD9500CD551F /* ReportsDataModel.swift */ = {isa = PBXFileReference; lastKnownFileType = sourcecode.swift; path = ReportsDataModel.swift; sourceTree = "<group>"; };
		B2869DD22B4804A800CD551F /* NetworkingManager.swift */ = {isa = PBXFileReference; lastKnownFileType = sourcecode.swift; path = NetworkingManager.swift; sourceTree = "<group>"; };
		B2A44C3F2BB40D49005C9CCB /* Screen1.swift */ = {isa = PBXFileReference; lastKnownFileType = sourcecode.swift; path = Screen1.swift; sourceTree = "<group>"; };
		B2B8F8252B9B733600CE3CA2 /* CustomCorner.swift */ = {isa = PBXFileReference; lastKnownFileType = sourcecode.swift; path = CustomCorner.swift; sourceTree = "<group>"; };
		B2E2FC222B47108100BB047D /* ArticlesDataService.swift */ = {isa = PBXFileReference; lastKnownFileType = sourcecode.swift; path = ArticlesDataService.swift; sourceTree = "<group>"; };
		B2E2FC242B4710DE00BB047D /* ArticlesDataModel.swift */ = {isa = PBXFileReference; lastKnownFileType = sourcecode.swift; path = ArticlesDataModel.swift; sourceTree = "<group>"; };
bd2b336 (Fix: Replaced Old API service with the new one)
/* End PBXFileReference section */

/* Begin PBXFrameworksBuildPhase section */
		B202F6552B460D3000D6F60A /* Frameworks */ = {
			isa = PBXFrameworksBuildPhase;
			buildActionMask = 2147483647;
			files = (
				B2606A012BCD4F29006E533A /* SDWebImageSwiftUI in Frameworks */,
			);
			runOnlyForDeploymentPostprocessing = 0;
		};
/* End PBXFrameworksBuildPhase section */

/* Begin PBXGroup section */
		B202F64F2B460D3000D6F60A = {
			isa = PBXGroup;
			children = (
				B202F65A2B460D3000D6F60A /* NewsApp */,
				B202F6592B460D3000D6F60A /* Products */,
			);
			sourceTree = "<group>";
		};
		B202F6592B460D3000D6F60A /* Products */ = {
			isa = PBXGroup;
			children = (
				B202F6582B460D3000D6F60A /* NewsApp.app */,
			);
			name = Products;
			sourceTree = "<group>";
		};
		B202F65A2B460D3000D6F60A /* NewsApp */ = {
			isa = PBXGroup;
			children = (
				B2869DD12B48047200CD551F /* Utilities */,
				B202F66D2B460D5C00D6F60A /* DataService */,
HEAD
				B202F66C2B460D5700D6F60A /* DataModel */,
				B202F66B2B460D5200D6F60A /* Views */,

				B202F66C2B460D5700D6F60A /* Model */,
				B202F66B2B460D5200D6F60A /* Views */,
				B2606A172BCDB08D006E533A /* ViewModel */,
 bd2b336 (Fix: Replaced Old API service with the new one)
				B202F65B2B460D3000D6F60A /* NewsAppApp.swift */,
				B202F65D2B460D3000D6F60A /* ContentView.swift */,
				B202F65F2B460D3100D6F60A /* Assets.xcassets */,
				B202F6612B460D3100D6F60A /* Preview Content */,
			);
			path = NewsApp;
			sourceTree = "<group>";
		};
		B202F6612B460D3100D6F60A /* Preview Content */ = {
			isa = PBXGroup;
			children = (
				B202F6622B460D3100D6F60A /* Preview Assets.xcassets */,
			);
			path = "Preview Content";
			sourceTree = "<group>";
		};
		B202F66B2B460D5200D6F60A /* Views */ = {
			isa = PBXGroup;
			children = (
 HEAD
				B2869DC42B47FABD00CD551F /* TabBar */,
				B24975712B49C09E00F94F8B /* SplashScreen */,
				B249756E2B49C05C00F94F8B /* More */,
				B2869DC62B47FB3300CD551F /* Reports */,
				B2869DC52B47FB2C00CD551F /* Blogs */,
				B202F66E2B460D6E00D6F60A /* Articles */,

				B2606A022BCDAB2D006E533A /* Home */,
				B2A44C3E2BB40D3C005C9CCB /* OnBoardingScreen */,
				B24975712B49C09E00F94F8B /* SplashScreen */,
				B249756E2B49C05C00F94F8B /* More */,
 bd2b336 (Fix: Replaced Old API service with the new one)
			);
			path = Views;
			sourceTree = "<group>";
		};
HEAD
		B202F66C2B460D5700D6F60A /* DataModel */ = {
			isa = PBXGroup;
			children = (
				B2E2FC242B4710DE00BB047D /* ArticlesDataModel.swift */,
				B2869DCD2B47FCB700CD551F /* BlogsDataModel.swift */,
				B2869DCF2B47FD9500CD551F /* ReportsDataModel.swift */,
			);
			path = DataModel;

		B202F66C2B460D5700D6F60A /* Model */ = {
			isa = PBXGroup;
			children = (
				B2E2FC242B4710DE00BB047D /* ArticlesDataModel.swift */,
				B2869DCF2B47FD9500CD551F /* ReportsDataModel.swift */,
			);
			path = Model;
 bd2b336 (Fix: Replaced Old API service with the new one)
			sourceTree = "<group>";
		};
		B202F66D2B460D5C00D6F60A /* DataService */ = {
			isa = PBXGroup;
			children = (
HEAD
				B24975822B49DA2E00F94F8B /* ImageViewService.swift */,
				B249757C2B49DA1E00F94F8B /* BlogsImageViewService.swift */,
				B24975882B49DA4A00F94F8B /* ReportsImageViewService.swift */,
				B2869DD62B4885F900CD551F /* ReportsDataService.swift */,
				B2E2FC222B47108100BB047D /* ArticlesDataService.swift */,
				B2869DD82B4886CA00CD551F /* BlogsDataService.swift */,

				B2E2FC222B47108100BB047D /* ArticlesDataService.swift */,
 bd2b336 (Fix: Replaced Old API service with the new one)
			);
			path = DataService;
			sourceTree = "<group>";
		};
HEAD
		B202F66E2B460D6E00D6F60A /* Articles */ = {
			isa = PBXGroup;
			children = (
				B2B8F8232B9B712800CE3CA2 /* Articles.swift */,
				B2869DDA2B48875600CD551F /* ViewModel */,
			);
			path = Articles;
			sourceTree = "<group>";
		};

 bd2b336 (Fix: Replaced Old API service with the new one)
		B249756E2B49C05C00F94F8B /* More */ = {
			isa = PBXGroup;
			children = (
				B2B8F8332B9BB74300CE3CA2 /* ViewModel */,
				B249756F2B49C06800F94F8B /* More.swift */,
			);
			path = More;
			sourceTree = "<group>";
		};
		B24975712B49C09E00F94F8B /* SplashScreen */ = {
			isa = PBXGroup;
			children = (
				B24975722B49C39C00F94F8B /* SplashScreen.swift */,
			);
			path = SplashScreen;
			sourceTree = "<group>";
		};
HEAD
		B2869DC42B47FABD00CD551F /* TabBar */ = {
			isa = PBXGroup;
			children = (
				B2B8F8292B9B99FC00CE3CA2 /* CustomTabBar.swift */,
			);
			path = TabBar;
			sourceTree = "<group>";
		};
		B2869DC52B47FB2C00CD551F /* Blogs */ = {
			isa = PBXGroup;
			children = (
				B2869DDB2B48876800CD551F /* ViewModel */,
				B2869DE12B4889EC00CD551F /* AllBlogs.swift */,
			);
			path = Blogs;
			sourceTree = "<group>";
		};
		B2869DC62B47FB3300CD551F /* Reports */ = {
			isa = PBXGroup;
			children = (
				B2869DDC2B48876D00CD551F /* ViewModel */,
				B2869DE32B4889F300CD551F /* AllReports.swift */,
			);
			path = Reports;

		B2606A022BCDAB2D006E533A /* Home */ = {
			isa = PBXGroup;
			children = (
				B2606A032BCDAB33006E533A /* Home.swift */,
				B2606A072BCDABAC006E533A /* BreakingNews.swift */,
				B2606A092BCDAC98006E533A /* DetailView.swift */,
				B2606A0B2BCDAD66006E533A /* HeadlineImageView.swift */,
			);
			path = Home;
			sourceTree = "<group>";
		};
		B2606A172BCDB08D006E533A /* ViewModel */ = {
			isa = PBXGroup;
			children = (
				B2606A0D2BCDAFA2006E533A /* ArticlesViewModel.swift */,
			);
			path = ViewModel;
 bd2b336 (Fix: Replaced Old API service with the new one)
			sourceTree = "<group>";
		};
		B2869DD12B48047200CD551F /* Utilities */ = {
			isa = PBXGroup;
			children = (
 HEAD
				B249757E2B49DA2200F94F8B /* ImageView.swift */,
				B24975842B49DA3700F94F8B /* ReportsImageView.swift */,
				B24975782B49DA0A00F94F8B /* BlogsImageView.swift */,
				B2869DD22B4804A800CD551F /* NetworkingManager.swift */,
				B24975762B49D3A300F94F8B /* TimeStampConverter.swift */,
				B2B8F8252B9B733600CE3CA2 /* CustomCorner.swift */,
				B2B8F82B2B9BA08700CE3CA2 /* LocalFileManager.swift */,

				B2869DD22B4804A800CD551F /* NetworkingManager.swift */,
				B24975762B49D3A300F94F8B /* TimeStampConverter.swift */,
				B2B8F8252B9B733600CE3CA2 /* CustomCorner.swift */,
				B2606A052BCDAB51006E533A /* AnimatedSideBar.swift */,
				B2606A152BCDB046006E533A /* Extensions.swift */,
				B2606A1A2BCDBD29006E533A /* AnimationState.swift */,
 bd2b336 (Fix: Replaced Old API service with the new one)
			);
			path = Utilities;
			sourceTree = "<group>";
		};
HEAD
		B2869DDA2B48875600CD551F /* ViewModel */ = {
			isa = PBXGroup;
			children = (
				B24975802B49DA2900F94F8B /* ImageViewModel.swift */,
				B2E2FC262B4733D200BB047D /* ArticlesViewModel.swift */,
			);
			path = ViewModel;
			sourceTree = "<group>";
		};
		B2869DDB2B48876800CD551F /* ViewModel */ = {
			isa = PBXGroup;
			children = (
				B249757A2B49DA1400F94F8B /* BlogsImageViewModel.swift */,
				B2869DDF2B4887D800CD551F /* BlogsViewModel.swift */,
			);
			path = ViewModel;
			sourceTree = "<group>";
		};
		B2869DDC2B48876D00CD551F /* ViewModel */ = {
			isa = PBXGroup;
			children = (
				B24975862B49DA3F00F94F8B /* ReportsImageViewModel.swift */,
				B2869DDD2B48877E00CD551F /* ReportsViewModel.swift */,
			);
			path = ViewModel;

		B2A44C3E2BB40D3C005C9CCB /* OnBoardingScreen */ = {
			isa = PBXGroup;
			children = (
				B2A44C3F2BB40D49005C9CCB /* Screen1.swift */,
			);
			path = OnBoardingScreen;
bd2b336 (Fix: Replaced Old API service with the new one)
			sourceTree = "<group>";
		};
		B2B8F8332B9BB74300CE3CA2 /* ViewModel */ = {
			isa = PBXGroup;
			children = (
			);
			path = ViewModel;
			sourceTree = "<group>";
		};
/* End PBXGroup section */

/* Begin PBXNativeTarget section */
		B202F6572B460D3000D6F60A /* NewsApp */ = {
			isa = PBXNativeTarget;
			buildConfigurationList = B202F6662B460D3100D6F60A /* Build configuration list for PBXNativeTarget "NewsApp" */;
			buildPhases = (
				B202F6542B460D3000D6F60A /* Sources */,
				B202F6552B460D3000D6F60A /* Frameworks */,
				B202F6562B460D3000D6F60A /* Resources */,
			);
			buildRules = (
			);
			dependencies = (
			);
			name = NewsApp;
			packageProductDependencies = (
				B2606A002BCD4F29006E533A /* SDWebImageSwiftUI */,
			);
			productName = NewsApp;
			productReference = B202F6582B460D3000D6F60A /* NewsApp.app */;
			productType = "com.apple.product-type.application";
		};
/* End PBXNativeTarget section */

/* Begin PBXProject section */
		B202F6502B460D3000D6F60A /* Project object */ = {
			isa = PBXProject;
			attributes = {
				BuildIndependentTargetsInParallel = 1;
				LastSwiftUpdateCheck = 1510;
				LastUpgradeCheck = 1510;
				TargetAttributes = {
					B202F6572B460D3000D6F60A = {
						CreatedOnToolsVersion = 15.1;
					};
				};
			};
			buildConfigurationList = B202F6532B460D3000D6F60A /* Build configuration list for PBXProject "NewsApp" */;
			compatibilityVersion = "Xcode 14.0";
			developmentRegion = en;
			hasScannedForEncodings = 0;
			knownRegions = (
				en,
				Base,
			);
			mainGroup = B202F64F2B460D3000D6F60A;
			packageReferences = (
				B26069FF2BCD4F29006E533A /* XCRemoteSwiftPackageReference "SDWebImageSwiftUI" */,
			);
			productRefGroup = B202F6592B460D3000D6F60A /* Products */;
			projectDirPath = "";
			projectRoot = "";
			targets = (
				B202F6572B460D3000D6F60A /* NewsApp */,
			);
		};
/* End PBXProject section */

/* Begin PBXResourcesBuildPhase section */
		B202F6562B460D3000D6F60A /* Resources */ = {
			isa = PBXResourcesBuildPhase;
			buildActionMask = 2147483647;
			files = (
				B202F6632B460D3100D6F60A /* Preview Assets.xcassets in Resources */,
				B202F6602B460D3100D6F60A /* Assets.xcassets in Resources */,
			);
			runOnlyForDeploymentPostprocessing = 0;
		};
/* End PBXResourcesBuildPhase section */

/* Begin PBXSourcesBuildPhase section */
		B202F6542B460D3000D6F60A /* Sources */ = {
			isa = PBXSourcesBuildPhase;
			buildActionMask = 2147483647;
			files = (
				B24975732B49C39C00F94F8B /* SplashScreen.swift in Sources */,
 HEAD
				B2869DCE2B47FCB700CD551F /* BlogsDataModel.swift in Sources */,
				B2B8F8242B9B712800CE3CA2 /* Articles.swift in Sources */,
				B2869DD72B4885F900CD551F /* ReportsDataService.swift in Sources */,
				B24975772B49D3A300F94F8B /* TimeStampConverter.swift in Sources */,
				B24975892B49DA4A00F94F8B /* ReportsImageViewService.swift in Sources */,
				B24975812B49DA2900F94F8B /* ImageViewModel.swift in Sources */,
				B2869DE42B4889F300CD551F /* AllReports.swift in Sources */,
				B24975872B49DA3F00F94F8B /* ReportsImageViewModel.swift in Sources */,
				B249757D2B49DA1E00F94F8B /* BlogsImageViewService.swift in Sources */,
				B249757B2B49DA1400F94F8B /* BlogsImageViewModel.swift in Sources */,
				B2869DD02B47FD9500CD551F /* ReportsDataModel.swift in Sources */,
				B2B8F82A2B9B99FC00CE3CA2 /* CustomTabBar.swift in Sources */,
				B24975702B49C06800F94F8B /* More.swift in Sources */,
				B202F65E2B460D3000D6F60A /* ContentView.swift in Sources */,
				B2E2FC232B47108100BB047D /* ArticlesDataService.swift in Sources */,
				B2E2FC272B4733D200BB047D /* ArticlesViewModel.swift in Sources */,
				B2B8F82C2B9BA08700CE3CA2 /* LocalFileManager.swift in Sources */,
				B2869DD32B4804A800CD551F /* NetworkingManager.swift in Sources */,
				B24975832B49DA2E00F94F8B /* ImageViewService.swift in Sources */,
				B2B8F8262B9B733600CE3CA2 /* CustomCorner.swift in Sources */,
				B24975792B49DA0A00F94F8B /* BlogsImageView.swift in Sources */,
				B249757F2B49DA2200F94F8B /* ImageView.swift in Sources */,
				B2869DE22B4889EC00CD551F /* AllBlogs.swift in Sources */,
				B2869DD92B4886CA00CD551F /* BlogsDataService.swift in Sources */,
				B2869DDE2B48877E00CD551F /* ReportsViewModel.swift in Sources */,
				B2869DE02B4887D800CD551F /* BlogsViewModel.swift in Sources */,
				B202F65C2B460D3000D6F60A /* NewsAppApp.swift in Sources */,
				B24975852B49DA3700F94F8B /* ReportsImageView.swift in Sources */,

				B2606A0A2BCDAC98006E533A /* DetailView.swift in Sources */,
				B24975772B49D3A300F94F8B /* TimeStampConverter.swift in Sources */,
				B2606A162BCDB046006E533A /* Extensions.swift in Sources */,
				B2869DD02B47FD9500CD551F /* ReportsDataModel.swift in Sources */,
				B24975702B49C06800F94F8B /* More.swift in Sources */,
				B2606A1B2BCDBD29006E533A /* AnimationState.swift in Sources */,
				B202F65E2B460D3000D6F60A /* ContentView.swift in Sources */,
				B2606A0E2BCDAFA2006E533A /* ArticlesViewModel.swift in Sources */,
				B2E2FC232B47108100BB047D /* ArticlesDataService.swift in Sources */,
				B2606A062BCDAB51006E533A /* AnimatedSideBar.swift in Sources */,
				B2869DD32B4804A800CD551F /* NetworkingManager.swift in Sources */,
				B2B8F8262B9B733600CE3CA2 /* CustomCorner.swift in Sources */,
				B2606A042BCDAB33006E533A /* Home.swift in Sources */,
				B2606A082BCDABAC006E533A /* BreakingNews.swift in Sources */,
				B2606A0C2BCDAD66006E533A /* HeadlineImageView.swift in Sources */,
				B2A44C402BB40D49005C9CCB /* Screen1.swift in Sources */,
				B202F65C2B460D3000D6F60A /* NewsAppApp.swift in Sources */,
 bd2b336 (Fix: Replaced Old API service with the new one)
				B2E2FC252B4710DE00BB047D /* ArticlesDataModel.swift in Sources */,
			);
			runOnlyForDeploymentPostprocessing = 0;
		};
/* End PBXSourcesBuildPhase section */

/* Begin XCBuildConfiguration section */
		B202F6642B460D3100D6F60A /* Debug */ = {
			isa = XCBuildConfiguration;
			buildSettings = {
				ALWAYS_SEARCH_USER_PATHS = NO;
				ASSETCATALOG_COMPILER_GENERATE_SWIFT_ASSET_SYMBOL_EXTENSIONS = YES;
				CLANG_ANALYZER_NONNULL = YES;
				CLANG_ANALYZER_NUMBER_OBJECT_CONVERSION = YES_AGGRESSIVE;
				CLANG_CXX_LANGUAGE_STANDARD = "gnu++20";
				CLANG_ENABLE_MODULES = YES;
				CLANG_ENABLE_OBJC_ARC = YES;
				CLANG_ENABLE_OBJC_WEAK = YES;
				CLANG_WARN_BLOCK_CAPTURE_AUTORELEASING = YES;
				CLANG_WARN_BOOL_CONVERSION = YES;
				CLANG_WARN_COMMA = YES;
				CLANG_WARN_CONSTANT_CONVERSION = YES;
				CLANG_WARN_DEPRECATED_OBJC_IMPLEMENTATIONS = YES;
				CLANG_WARN_DIRECT_OBJC_ISA_USAGE = YES_ERROR;
				CLANG_WARN_DOCUMENTATION_COMMENTS = YES;
				CLANG_WARN_EMPTY_BODY = YES;
				CLANG_WARN_ENUM_CONVERSION = YES;
				CLANG_WARN_INFINITE_RECURSION = YES;
				CLANG_WARN_INT_CONVERSION = YES;
				CLANG_WARN_NON_LITERAL_NULL_CONVERSION = YES;
				CLANG_WARN_OBJC_IMPLICIT_RETAIN_SELF = YES;
				CLANG_WARN_OBJC_LITERAL_CONVERSION = YES;
				CLANG_WARN_OBJC_ROOT_CLASS = YES_ERROR;
				CLANG_WARN_QUOTED_INCLUDE_IN_FRAMEWORK_HEADER = YES;
				CLANG_WARN_RANGE_LOOP_ANALYSIS = YES;
				CLANG_WARN_STRICT_PROTOTYPES = YES;
				CLANG_WARN_SUSPICIOUS_MOVE = YES;
				CLANG_WARN_UNGUARDED_AVAILABILITY = YES_AGGRESSIVE;
				CLANG_WARN_UNREACHABLE_CODE = YES;
				CLANG_WARN__DUPLICATE_METHOD_MATCH = YES;
				COPY_PHASE_STRIP = NO;
				DEBUG_INFORMATION_FORMAT = dwarf;
				ENABLE_STRICT_OBJC_MSGSEND = YES;
				ENABLE_TESTABILITY = YES;
				ENABLE_USER_SCRIPT_SANDBOXING = YES;
				GCC_C_LANGUAGE_STANDARD = gnu17;
				GCC_DYNAMIC_NO_PIC = NO;
				GCC_NO_COMMON_BLOCKS = YES;
				GCC_OPTIMIZATION_LEVEL = 0;
				GCC_PREPROCESSOR_DEFINITIONS = (
					"DEBUG=1",
					"$(inherited)",
				);
				GCC_WARN_64_TO_32_BIT_CONVERSION = YES;
				GCC_WARN_ABOUT_RETURN_TYPE = YES_ERROR;
				GCC_WARN_UNDECLARED_SELECTOR = YES;
				GCC_WARN_UNINITIALIZED_AUTOS = YES_AGGRESSIVE;
				GCC_WARN_UNUSED_FUNCTION = YES;
				GCC_WARN_UNUSED_VARIABLE = YES;
				IPHONEOS_DEPLOYMENT_TARGET = 17.2;
				LOCALIZATION_PREFERS_STRING_CATALOGS = YES;
				MTL_ENABLE_DEBUG_INFO = INCLUDE_SOURCE;
				MTL_FAST_MATH = YES;
				ONLY_ACTIVE_ARCH = YES;
				SDKROOT = iphoneos;
				SWIFT_ACTIVE_COMPILATION_CONDITIONS = "DEBUG $(inherited)";
				SWIFT_OPTIMIZATION_LEVEL = "-Onone";
			};
			name = Debug;
		};
		B202F6652B460D3100D6F60A /* Release */ = {
			isa = XCBuildConfiguration;
			buildSettings = {
				ALWAYS_SEARCH_USER_PATHS = NO;
				ASSETCATALOG_COMPILER_GENERATE_SWIFT_ASSET_SYMBOL_EXTENSIONS = YES;
				CLANG_ANALYZER_NONNULL = YES;
				CLANG_ANALYZER_NUMBER_OBJECT_CONVERSION = YES_AGGRESSIVE;
				CLANG_CXX_LANGUAGE_STANDARD = "gnu++20";
				CLANG_ENABLE_MODULES = YES;
				CLANG_ENABLE_OBJC_ARC = YES;
				CLANG_ENABLE_OBJC_WEAK = YES;
				CLANG_WARN_BLOCK_CAPTURE_AUTORELEASING = YES;
				CLANG_WARN_BOOL_CONVERSION = YES;
				CLANG_WARN_COMMA = YES;
				CLANG_WARN_CONSTANT_CONVERSION = YES;
				CLANG_WARN_DEPRECATED_OBJC_IMPLEMENTATIONS = YES;
				CLANG_WARN_DIRECT_OBJC_ISA_USAGE = YES_ERROR;
				CLANG_WARN_DOCUMENTATION_COMMENTS = YES;
				CLANG_WARN_EMPTY_BODY = YES;
				CLANG_WARN_ENUM_CONVERSION = YES;
				CLANG_WARN_INFINITE_RECURSION = YES;
				CLANG_WARN_INT_CONVERSION = YES;
				CLANG_WARN_NON_LITERAL_NULL_CONVERSION = YES;
				CLANG_WARN_OBJC_IMPLICIT_RETAIN_SELF = YES;
				CLANG_WARN_OBJC_LITERAL_CONVERSION = YES;
				CLANG_WARN_OBJC_ROOT_CLASS = YES_ERROR;
				CLANG_WARN_QUOTED_INCLUDE_IN_FRAMEWORK_HEADER = YES;
				CLANG_WARN_RANGE_LOOP_ANALYSIS = YES;
				CLANG_WARN_STRICT_PROTOTYPES = YES;
				CLANG_WARN_SUSPICIOUS_MOVE = YES;
				CLANG_WARN_UNGUARDED_AVAILABILITY = YES_AGGRESSIVE;
				CLANG_WARN_UNREACHABLE_CODE = YES;
				CLANG_WARN__DUPLICATE_METHOD_MATCH = YES;
				COPY_PHASE_STRIP = NO;
				DEBUG_INFORMATION_FORMAT = "dwarf-with-dsym";
				ENABLE_NS_ASSERTIONS = NO;
				ENABLE_STRICT_OBJC_MSGSEND = YES;
				ENABLE_USER_SCRIPT_SANDBOXING = YES;
				GCC_C_LANGUAGE_STANDARD = gnu17;
				GCC_NO_COMMON_BLOCKS = YES;
				GCC_WARN_64_TO_32_BIT_CONVERSION = YES;
				GCC_WARN_ABOUT_RETURN_TYPE = YES_ERROR;
				GCC_WARN_UNDECLARED_SELECTOR = YES;
				GCC_WARN_UNINITIALIZED_AUTOS = YES_AGGRESSIVE;
				GCC_WARN_UNUSED_FUNCTION = YES;
				GCC_WARN_UNUSED_VARIABLE = YES;
				IPHONEOS_DEPLOYMENT_TARGET = 17.2;
				LOCALIZATION_PREFERS_STRING_CATALOGS = YES;
				MTL_ENABLE_DEBUG_INFO = NO;
				MTL_FAST_MATH = YES;
				SDKROOT = iphoneos;
				SWIFT_COMPILATION_MODE = wholemodule;
				VALIDATE_PRODUCT = YES;
			};
			name = Release;
		};
		B202F6672B460D3100D6F60A /* Debug */ = {
			isa = XCBuildConfiguration;
			buildSettings = {
				ASSETCATALOG_COMPILER_APPICON_NAME = AppIcon;
				ASSETCATALOG_COMPILER_GLOBAL_ACCENT_COLOR_NAME = AccentColor;
				CODE_SIGN_STYLE = Automatic;
				CURRENT_PROJECT_VERSION = 2;
				DEVELOPMENT_ASSET_PATHS = "\"NewsApp/Preview Content\"";
				DEVELOPMENT_TEAM = MSH7F4HQB8;
				ENABLE_PREVIEWS = YES;
				GENERATE_INFOPLIST_FILE = YES;
				INFOPLIST_KEY_CFBundleDisplayName = "Space News & Reports";
				INFOPLIST_KEY_LSApplicationCategoryType = "public.app-category.news";
				INFOPLIST_KEY_UIApplicationSceneManifest_Generation = YES;
				INFOPLIST_KEY_UIApplicationSupportsIndirectInputEvents = YES;
				INFOPLIST_KEY_UILaunchScreen_Generation = YES;
				INFOPLIST_KEY_UISupportedInterfaceOrientations = "UIInterfaceOrientationPortrait UIInterfaceOrientationPortraitUpsideDown";
				INFOPLIST_KEY_UISupportedInterfaceOrientations_iPad = "UIInterfaceOrientationLandscapeLeft UIInterfaceOrientationLandscapeRight UIInterfaceOrientationPortrait UIInterfaceOrientationPortraitUpsideDown";
HEAD
				IPHONEOS_DEPLOYMENT_TARGET = 16.0;

				IPHONEOS_DEPLOYMENT_TARGET = 17.0;
 bd2b336 (Fix: Replaced Old API service with the new one)
				LD_RUNPATH_SEARCH_PATHS = (
					"$(inherited)",
					"@executable_path/Frameworks",
				);
HEAD
				MARKETING_VERSION = 1.1;

				MARKETING_VERSION = 2.0;
 bd2b336 (Fix: Replaced Old API service with the new one)
				PRODUCT_BUNDLE_IDENTIFIER = com.aakashbondwal.NewsApp;
				PRODUCT_NAME = "$(TARGET_NAME)";
				SWIFT_EMIT_LOC_STRINGS = YES;
				SWIFT_VERSION = 5.0;
				TARGETED_DEVICE_FAMILY = "1,2";
			};
			name = Debug;
		};
		B202F6682B460D3100D6F60A /* Release */ = {
			isa = XCBuildConfiguration;
			buildSettings = {
				ASSETCATALOG_COMPILER_APPICON_NAME = AppIcon;
				ASSETCATALOG_COMPILER_GLOBAL_ACCENT_COLOR_NAME = AccentColor;
				CODE_SIGN_STYLE = Automatic;
				CURRENT_PROJECT_VERSION = 2;
				DEVELOPMENT_ASSET_PATHS = "\"NewsApp/Preview Content\"";
				DEVELOPMENT_TEAM = MSH7F4HQB8;
				ENABLE_PREVIEWS = YES;
				GENERATE_INFOPLIST_FILE = YES;
				INFOPLIST_KEY_CFBundleDisplayName = "Space News & Reports";
				INFOPLIST_KEY_LSApplicationCategoryType = "public.app-category.news";
				INFOPLIST_KEY_UIApplicationSceneManifest_Generation = YES;
				INFOPLIST_KEY_UIApplicationSupportsIndirectInputEvents = YES;
				INFOPLIST_KEY_UILaunchScreen_Generation = YES;
				INFOPLIST_KEY_UISupportedInterfaceOrientations = "UIInterfaceOrientationPortrait UIInterfaceOrientationPortraitUpsideDown";
				INFOPLIST_KEY_UISupportedInterfaceOrientations_iPad = "UIInterfaceOrientationLandscapeLeft UIInterfaceOrientationLandscapeRight UIInterfaceOrientationPortrait UIInterfaceOrientationPortraitUpsideDown";
HEAD
				IPHONEOS_DEPLOYMENT_TARGET = 16.0;

				IPHONEOS_DEPLOYMENT_TARGET = 17.0;
 bd2b336 (Fix: Replaced Old API service with the new one)
				LD_RUNPATH_SEARCH_PATHS = (
					"$(inherited)",
					"@executable_path/Frameworks",
				);
HEAD
				MARKETING_VERSION = 1.1;

				MARKETING_VERSION = 2.0;
 bd2b336 (Fix: Replaced Old API service with the new one)
				PRODUCT_BUNDLE_IDENTIFIER = com.aakashbondwal.NewsApp;
				PRODUCT_NAME = "$(TARGET_NAME)";
				SWIFT_EMIT_LOC_STRINGS = YES;
				SWIFT_VERSION = 5.0;
				TARGETED_DEVICE_FAMILY = "1,2";
			};
			name = Release;
		};
/* End XCBuildConfiguration section */

/* Begin XCConfigurationList section */
		B202F6532B460D3000D6F60A /* Build configuration list for PBXProject "NewsApp" */ = {
			isa = XCConfigurationList;
			buildConfigurations = (
				B202F6642B460D3100D6F60A /* Debug */,
				B202F6652B460D3100D6F60A /* Release */,
			);
			defaultConfigurationIsVisible = 0;
			defaultConfigurationName = Release;
		};
		B202F6662B460D3100D6F60A /* Build configuration list for PBXNativeTarget "NewsApp" */ = {
			isa = XCConfigurationList;
			buildConfigurations = (
				B202F6672B460D3100D6F60A /* Debug */,
				B202F6682B460D3100D6F60A /* Release */,
			);
			defaultConfigurationIsVisible = 0;
			defaultConfigurationName = Release;
		};
/* End XCConfigurationList section */

/* Begin XCRemoteSwiftPackageReference section */
		B26069FF2BCD4F29006E533A /* XCRemoteSwiftPackageReference "SDWebImageSwiftUI" */ = {
			isa = XCRemoteSwiftPackageReference;
			repositoryURL = "https://github.com/SDWebImage/SDWebImageSwiftUI.git";
			requirement = {
				kind = upToNextMajorVersion;
				minimumVersion = 3.0.2;
			};
		};
/* End XCRemoteSwiftPackageReference section */

/* Begin XCSwiftPackageProductDependency section */
		B2606A002BCD4F29006E533A /* SDWebImageSwiftUI */ = {
			isa = XCSwiftPackageProductDependency;
			package = B26069FF2BCD4F29006E533A /* XCRemoteSwiftPackageReference "SDWebImageSwiftUI" */;
			productName = SDWebImageSwiftUI;
		};
/* End XCSwiftPackageProductDependency section */
	};
	rootObject = B202F6502B460D3000D6F60A /* Project object */;
}
